
Microsoft Visual Studio Solution File, Format Version 12.00
# Visual Studio Version 17
VisualStudioVersion = 17.5.002.0
MinimumVisualStudioVersion = 10.0.40219.1
Project("{9A19103F-16F7-4668-BE54-9A1E7A4F7556}") = "api", "api\api.csproj", "{7CC69913-3FFF-48A9-BF03-F69BEA2CF50C}"
EndProject
Global
	GlobalSection(SolutionConfigurationPlatforms) = preSolution
		Debug|Any CPU = Debug|Any CPU
		Release|Any CPU = Release|Any CPU
	EndGlobalSection
	GlobalSection(ProjectConfigurationPlatforms) = postSolution
		{7CC69913-3FFF-48A9-BF03-F69BEA2CF50C}.Debug|Any CPU.ActiveCfg = Debug|Any CPU
		{7CC69913-3FFF-48A9-BF03-F69BEA2CF50C}.Debug|Any CPU.Build.0 = Debug|Any CPU
		{7CC69913-3FFF-48A9-BF03-F69BEA2CF50C}.Release|Any CPU.ActiveCfg = Release|Any CPU
		{7CC69913-3FFF-48A9-BF03-F69BEA2CF50C}.Release|Any CPU.Build.0 = Release|Any CPU
	EndGlobalSection
	GlobalSection(SolutionProperties) = preSolution
		HideSolutionNode = FALSE
	EndGlobalSection
	GlobalSection(ExtensibilityGlobals) = postSolution
		SolutionGuid = {B959874F-54B8-4FCB-8673-55748D3FA202}
	EndGlobalSection
EndGlobal
